
Microsoft Visual Studio Solution File, Format Version 12.00
# Visual Studio Version 16
VisualStudioVersion = 16.0.32510.428
MinimumVisualStudioVersion = 10.0.40219.1
Project("{9A19103F-16F7-4668-BE54-9A1E7A4F7556}") = "ASP.NET Core_MVC App_PhoneBook", "ASP.NET Core_MVC App_PhoneBook.csproj", "{F8A54DC1-5B6A-434F-97B2-C3B954BC3B3C}"
EndProject
Global
	GlobalSection(SolutionConfigurationPlatforms) = preSolution
		Debug|Any CPU = Debug|Any CPU
		Release|Any CPU = Release|Any CPU
	EndGlobalSection
	GlobalSection(ProjectConfigurationPlatforms) = postSolution
		{F8A54DC1-5B6A-434F-97B2-C3B954BC3B3C}.Debug|Any CPU.ActiveCfg = Debug|Any CPU
		{F8A54DC1-5B6A-434F-97B2-C3B954BC3B3C}.Debug|Any CPU.Build.0 = Debug|Any CPU
		{F8A54DC1-5B6A-434F-97B2-C3B954BC3B3C}.Release|Any CPU.ActiveCfg = Release|Any CPU
		{F8A54DC1-5B6A-434F-97B2-C3B954BC3B3C}.Release|Any CPU.Build.0 = Release|Any CPU
	EndGlobalSection
	GlobalSection(SolutionProperties) = preSolution
		HideSolutionNode = FALSE
	EndGlobalSection
	GlobalSection(ExtensibilityGlobals) = postSolution
		SolutionGuid = {05499E2B-B0C9-4246-BA31-5E2288E081D8}
	EndGlobalSection
EndGlobal
